
Microsoft Visual Studio Solution File, Format Version 12.00
# Visual Studio Version 17
VisualStudioVersion = 17.14.36811.4 d17.14
MinimumVisualStudioVersion = 10.0.40219.1
Project("{FAE04EC0-301F-11D3-BF4B-00C04F79EFBC}") = "SpiralArchitectureModel1", "SpiralArchitectureModel1\SpiralArchitectureModel1.csproj", "{679D5CC6-8354-4309-9042-DDFBC4576613}"
EndProject
Global
	GlobalSection(SolutionConfigurationPlatforms) = preSolution
		Debug|Any CPU = Debug|Any CPU
		Release|Any CPU = Release|Any CPU
	EndGlobalSection
	GlobalSection(ProjectConfigurationPlatforms) = postSolution
		{679D5CC6-8354-4309-9042-DDFBC4576613}.Debug|Any CPU.ActiveCfg = Debug|Any CPU
		{679D5CC6-8354-4309-9042-DDFBC4576613}.Debug|Any CPU.Build.0 = Debug|Any CPU
		{679D5CC6-8354-4309-9042-DDFBC4576613}.Release|Any CPU.ActiveCfg = Release|Any CPU
		{679D5CC6-8354-4309-9042-DDFBC4576613}.Release|Any CPU.Build.0 = Release|Any CPU
	EndGlobalSection
	GlobalSection(SolutionProperties) = preSolution
		HideSolutionNode = FALSE
	EndGlobalSection
	GlobalSection(ExtensibilityGlobals) = postSolution
		SolutionGuid = {2D93DC2A-0807-43C0-A33D-5272C7278B84}
	EndGlobalSection
EndGlobal
